
Microsoft Visual Studio Solution File, Format Version 12.00
# Visual Studio Version 17
VisualStudioVersion = 17.7.34221.43
MinimumVisualStudioVersion = 10.0.40219.1
Project("{8BC9CEB8-8B4A-11D0-8D11-00A0C91BC942}") = "Ecommerce", "Ecommerce\Ecommerce.vcxproj", "{D1B88453-6C60-4590-B4E6-BD1D64DE1150}"
EndProject
Global
	GlobalSection(SolutionConfigurationPlatforms) = preSolution
		Debug|x64 = Debug|x64
		Debug|x86 = Debug|x86
		Release|x64 = Release|x64
		Release|x86 = Release|x86
	EndGlobalSection
	GlobalSection(ProjectConfigurationPlatforms) = postSolution
		{D1B88453-6C60-4590-B4E6-BD1D64DE1150}.Debug|x64.ActiveCfg = Debug|x64
		{D1B88453-6C60-4590-B4E6-BD1D64DE1150}.Debug|x64.Build.0 = Debug|x64
		{D1B88453-6C60-4590-B4E6-BD1D64DE1150}.Debug|x86.ActiveCfg = Debug|Win32
		{D1B88453-6C60-4590-B4E6-BD1D64DE1150}.Debug|x86.Build.0 = Debug|Win32
		{D1B88453-6C60-4590-B4E6-BD1D64DE1150}.Release|x64.ActiveCfg = Release|x64
		{D1B88453-6C60-4590-B4E6-BD1D64DE1150}.Release|x64.Build.0 = Release|x64
		{D1B88453-6C60-4590-B4E6-BD1D64DE1150}.Release|x86.ActiveCfg = Release|Win32
		{D1B88453-6C60-4590-B4E6-BD1D64DE1150}.Release|x86.Build.0 = Release|Win32
	EndGlobalSection
	GlobalSection(SolutionProperties) = preSolution
		HideSolutionNode = FALSE
	EndGlobalSection
	GlobalSection(ExtensibilityGlobals) = postSolution
		SolutionGuid = {65CBB7CF-58A0-4530-A739-52F7D526098B}
	EndGlobalSection
EndGlobal
